
Microsoft Visual Studio Solution File, Format Version 12.00
# Visual Studio 15
VisualStudioVersion = 15.0.28307.168
MinimumVisualStudioVersion = 10.0.40219.1
Project("{FAE04EC0-301F-11D3-BF4B-00C04F79EFBC}") = "AdventureWorksPeople", "AdventureWorksPeople\AdventureWorksPeople.csproj", "{4D3D3E2B-A53D-4F53-B484-976A8EB85555}"
EndProject
Global
	GlobalSection(SolutionConfigurationPlatforms) = preSolution
		Debug|Any CPU = Debug|Any CPU
		Release|Any CPU = Release|Any CPU
	EndGlobalSection
	GlobalSection(ProjectConfigurationPlatforms) = postSolution
		{4D3D3E2B-A53D-4F53-B484-976A8EB85555}.Debug|Any CPU.ActiveCfg = Debug|Any CPU
		{4D3D3E2B-A53D-4F53-B484-976A8EB85555}.Debug|Any CPU.Build.0 = Debug|Any CPU
		{4D3D3E2B-A53D-4F53-B484-976A8EB85555}.Release|Any CPU.ActiveCfg = Release|Any CPU
		{4D3D3E2B-A53D-4F53-B484-976A8EB85555}.Release|Any CPU.Build.0 = Release|Any CPU
	EndGlobalSection
	GlobalSection(SolutionProperties) = preSolution
		HideSolutionNode = FALSE
	EndGlobalSection
	GlobalSection(ExtensibilityGlobals) = postSolution
		SolutionGuid = {269CE5B9-8A60-41B8-9791-E5E6DA7A4422}
	EndGlobalSection
EndGlobal
